
Microsoft Visual Studio Solution File, Format Version 12.00
# Visual Studio Version 16
VisualStudioVersion = 16.0.32602.291
MinimumVisualStudioVersion = 10.0.40219.1
Project("{FAE04EC0-301F-11D3-BF4B-00C04F79EFBC}") = "SoftUni", "Exercises_Introduction_Entity_Framework\SoftUni.csproj", "{CD06071C-E1D9-4DEF-A474-0A235F50DE18}"
EndProject
Global
	GlobalSection(SolutionConfigurationPlatforms) = preSolution
		Debug|Any CPU = Debug|Any CPU
		Release|Any CPU = Release|Any CPU
	EndGlobalSection
	GlobalSection(ProjectConfigurationPlatforms) = postSolution
		{CD06071C-E1D9-4DEF-A474-0A235F50DE18}.Debug|Any CPU.ActiveCfg = Debug|Any CPU
		{CD06071C-E1D9-4DEF-A474-0A235F50DE18}.Debug|Any CPU.Build.0 = Debug|Any CPU
		{CD06071C-E1D9-4DEF-A474-0A235F50DE18}.Release|Any CPU.ActiveCfg = Release|Any CPU
		{CD06071C-E1D9-4DEF-A474-0A235F50DE18}.Release|Any CPU.Build.0 = Release|Any CPU
	EndGlobalSection
	GlobalSection(SolutionProperties) = preSolution
		HideSolutionNode = FALSE
	EndGlobalSection
	GlobalSection(ExtensibilityGlobals) = postSolution
		SolutionGuid = {9C5124BE-EC06-4ABB-AD4C-93BB46D415A2}
	EndGlobalSection
EndGlobal
