
Microsoft Visual Studio Solution File, Format Version 12.00
# Visual Studio Version 17
VisualStudioVersion = 17.2.32602.215
MinimumVisualStudioVersion = 10.0.40219.1
Project("{FAE04EC0-301F-11D3-BF4B-00C04F79EFBC}") = "Exercises_Introduction_to_Entity_Framework", "Exercises_Introduction_to_Entity_Framework\Exercises_Introduction_to_Entity_Framework.csproj", "{0B056053-49FC-443D-9F56-DD6F2979867F}"
EndProject
Global
	GlobalSection(SolutionConfigurationPlatforms) = preSolution
		Debug|Any CPU = Debug|Any CPU
		Release|Any CPU = Release|Any CPU
	EndGlobalSection
	GlobalSection(ProjectConfigurationPlatforms) = postSolution
		{0B056053-49FC-443D-9F56-DD6F2979867F}.Debug|Any CPU.ActiveCfg = Debug|Any CPU
		{0B056053-49FC-443D-9F56-DD6F2979867F}.Debug|Any CPU.Build.0 = Debug|Any CPU
		{0B056053-49FC-443D-9F56-DD6F2979867F}.Release|Any CPU.ActiveCfg = Release|Any CPU
		{0B056053-49FC-443D-9F56-DD6F2979867F}.Release|Any CPU.Build.0 = Release|Any CPU
	EndGlobalSection
	GlobalSection(SolutionProperties) = preSolution
		HideSolutionNode = FALSE
	EndGlobalSection
	GlobalSection(ExtensibilityGlobals) = postSolution
		SolutionGuid = {46D1AF2D-D99E-470B-BB8C-429EC65D79EB}
	EndGlobalSection
EndGlobal
