
Microsoft Visual Studio Solution File, Format Version 12.00
# Visual Studio Version 16
VisualStudioVersion = 16.0.32602.291
MinimumVisualStudioVersion = 10.0.40219.1
Project("{FAE04EC0-301F-11D3-BF4B-00C04F79EFBC}") = "P03_FootballBetting", "Football Betting\P03_FootballBetting.csproj", "{0B9C583F-1D49-4394-84EE-EE604261805F}"
EndProject
Project("{FAE04EC0-301F-11D3-BF4B-00C04F79EFBC}") = "P03_FootballBetting.Data", "P03_FootballBetting.Data\P03_FootballBetting.Data.csproj", "{8474FC46-287C-40E7-9B52-DA547C1826B3}"
EndProject
Project("{FAE04EC0-301F-11D3-BF4B-00C04F79EFBC}") = "P03_FootballBetting.Data.Models", "P03_FootballBetting.Data.Models\P03_FootballBetting.Data.Models.csproj", "{13BBA0D8-A87B-4D34-B935-6A8EEE1D702C}"
EndProject
Project("{FAE04EC0-301F-11D3-BF4B-00C04F79EFBC}") = "P03_FootballBetting.Data.Common", "P03_FootballBetting.Data.Common\P03_FootballBetting.Data.Common.csproj", "{A3348CE9-D7E4-44D9-8C7F-C9D750896949}"
EndProject
Global
	GlobalSection(SolutionConfigurationPlatforms) = preSolution
		Debug|Any CPU = Debug|Any CPU
		Release|Any CPU = Release|Any CPU
	EndGlobalSection
	GlobalSection(ProjectConfigurationPlatforms) = postSolution
		{0B9C583F-1D49-4394-84EE-EE604261805F}.Debug|Any CPU.ActiveCfg = Debug|Any CPU
		{0B9C583F-1D49-4394-84EE-EE604261805F}.Debug|Any CPU.Build.0 = Debug|Any CPU
		{0B9C583F-1D49-4394-84EE-EE604261805F}.Release|Any CPU.ActiveCfg = Release|Any CPU
		{0B9C583F-1D49-4394-84EE-EE604261805F}.Release|Any CPU.Build.0 = Release|Any CPU
		{8474FC46-287C-40E7-9B52-DA547C1826B3}.Debug|Any CPU.ActiveCfg = Debug|Any CPU
		{8474FC46-287C-40E7-9B52-DA547C1826B3}.Debug|Any CPU.Build.0 = Debug|Any CPU
		{8474FC46-287C-40E7-9B52-DA547C1826B3}.Release|Any CPU.ActiveCfg = Release|Any CPU
		{8474FC46-287C-40E7-9B52-DA547C1826B3}.Release|Any CPU.Build.0 = Release|Any CPU
		{13BBA0D8-A87B-4D34-B935-6A8EEE1D702C}.Debug|Any CPU.ActiveCfg = Debug|Any CPU
		{13BBA0D8-A87B-4D34-B935-6A8EEE1D702C}.Debug|Any CPU.Build.0 = Debug|Any CPU
		{13BBA0D8-A87B-4D34-B935-6A8EEE1D702C}.Release|Any CPU.ActiveCfg = Release|Any CPU
		{13BBA0D8-A87B-4D34-B935-6A8EEE1D702C}.Release|Any CPU.Build.0 = Release|Any CPU
		{A3348CE9-D7E4-44D9-8C7F-C9D750896949}.Debug|Any CPU.ActiveCfg = Debug|Any CPU
		{A3348CE9-D7E4-44D9-8C7F-C9D750896949}.Debug|Any CPU.Build.0 = Debug|Any CPU
		{A3348CE9-D7E4-44D9-8C7F-C9D750896949}.Release|Any CPU.ActiveCfg = Release|Any CPU
		{A3348CE9-D7E4-44D9-8C7F-C9D750896949}.Release|Any CPU.Build.0 = Release|Any CPU
	EndGlobalSection
	GlobalSection(SolutionProperties) = preSolution
		HideSolutionNode = FALSE
	EndGlobalSection
	GlobalSection(ExtensibilityGlobals) = postSolution
		SolutionGuid = {AB0FFEC2-1583-438B-905F-6E00126C76F4}
	EndGlobalSection
EndGlobal
